
Microsoft Visual Studio Solution File, Format Version 12.00
# Visual Studio Version 16
VisualStudioVersion = 16.0.33130.400
MinimumVisualStudioVersion = 10.0.40219.1
Project("{FAE04EC0-301F-11D3-BF4B-00C04F79EFBC}") = "OOPCSharpAssignment2", "OOPCSharpAssignment2\OOPCSharpAssignment2.csproj", "{A8DB90FF-E9E2-4D91-B479-D8C78FAEEC59}"
EndProject
Global
	GlobalSection(SolutionConfigurationPlatforms) = preSolution
		Debug|Any CPU = Debug|Any CPU
		Release|Any CPU = Release|Any CPU
	EndGlobalSection
	GlobalSection(ProjectConfigurationPlatforms) = postSolution
		{A8DB90FF-E9E2-4D91-B479-D8C78FAEEC59}.Debug|Any CPU.ActiveCfg = Debug|Any CPU
		{A8DB90FF-E9E2-4D91-B479-D8C78FAEEC59}.Debug|Any CPU.Build.0 = Debug|Any CPU
		{A8DB90FF-E9E2-4D91-B479-D8C78FAEEC59}.Release|Any CPU.ActiveCfg = Release|Any CPU
		{A8DB90FF-E9E2-4D91-B479-D8C78FAEEC59}.Release|Any CPU.Build.0 = Release|Any CPU
	EndGlobalSection
	GlobalSection(SolutionProperties) = preSolution
		HideSolutionNode = FALSE
	EndGlobalSection
	GlobalSection(ExtensibilityGlobals) = postSolution
		SolutionGuid = {9881D96C-511A-4FFA-93C0-B10F131235D1}
	EndGlobalSection
EndGlobal
