
Microsoft Visual Studio Solution File, Format Version 12.00
# Visual Studio Version 16
VisualStudioVersion = 16.0.33130.400
MinimumVisualStudioVersion = 10.0.40219.1
Project("{FAE04EC0-301F-11D3-BF4B-00C04F79EFBC}") = "OOPCSharpAssignment5.3", "OOPCSharpAssignment5.3\OOPCSharpAssignment5.3.csproj", "{ED336367-E640-45E9-A9FD-668F7DBB1797}"
EndProject
Global
	GlobalSection(SolutionConfigurationPlatforms) = preSolution
		Debug|Any CPU = Debug|Any CPU
		Release|Any CPU = Release|Any CPU
	EndGlobalSection
	GlobalSection(ProjectConfigurationPlatforms) = postSolution
		{ED336367-E640-45E9-A9FD-668F7DBB1797}.Debug|Any CPU.ActiveCfg = Debug|Any CPU
		{ED336367-E640-45E9-A9FD-668F7DBB1797}.Debug|Any CPU.Build.0 = Debug|Any CPU
		{ED336367-E640-45E9-A9FD-668F7DBB1797}.Release|Any CPU.ActiveCfg = Release|Any CPU
		{ED336367-E640-45E9-A9FD-668F7DBB1797}.Release|Any CPU.Build.0 = Release|Any CPU
	EndGlobalSection
	GlobalSection(SolutionProperties) = preSolution
		HideSolutionNode = FALSE
	EndGlobalSection
	GlobalSection(ExtensibilityGlobals) = postSolution
		SolutionGuid = {19F8AD0C-4A76-4E58-A719-ACBB3F63AD95}
	EndGlobalSection
EndGlobal
