
Microsoft Visual Studio Solution File, Format Version 12.00
# Visual Studio Version 16
VisualStudioVersion = 16.0.33130.400
MinimumVisualStudioVersion = 10.0.40219.1
Project("{FAE04EC0-301F-11D3-BF4B-00C04F79EFBC}") = "OOpCSAssignment3", "OOpCSAssignment3\OOpCSAssignment3.csproj", "{5D9F95BF-434D-4E54-AC5B-88005CB69B9A}"
EndProject
Global
	GlobalSection(SolutionConfigurationPlatforms) = preSolution
		Debug|Any CPU = Debug|Any CPU
		Release|Any CPU = Release|Any CPU
	EndGlobalSection
	GlobalSection(ProjectConfigurationPlatforms) = postSolution
		{5D9F95BF-434D-4E54-AC5B-88005CB69B9A}.Debug|Any CPU.ActiveCfg = Debug|Any CPU
		{5D9F95BF-434D-4E54-AC5B-88005CB69B9A}.Debug|Any CPU.Build.0 = Debug|Any CPU
		{5D9F95BF-434D-4E54-AC5B-88005CB69B9A}.Release|Any CPU.ActiveCfg = Release|Any CPU
		{5D9F95BF-434D-4E54-AC5B-88005CB69B9A}.Release|Any CPU.Build.0 = Release|Any CPU
	EndGlobalSection
	GlobalSection(SolutionProperties) = preSolution
		HideSolutionNode = FALSE
	EndGlobalSection
	GlobalSection(ExtensibilityGlobals) = postSolution
		SolutionGuid = {6EAAA77A-AB49-4D4B-9FE0-5AA7375B5EF0}
	EndGlobalSection
EndGlobal
